// !$*UTF8*$!
{
	archiveVersion = 1;
	classes = {
	};
	objectVersion = 77;
	objects = {

/* Begin PBXBuildFile section */
		2C16A0262E87430B0070894B /* Sparkle in Frameworks */ = {isa = PBXBuildFile; productRef = 2C16A0252E87430B0070894B /* Sparkle */; };
		2D0822D82EC8A61800C302AC /* UniversalGlass in Frameworks */ = {isa = PBXBuildFile; productRef = 2D0822D72EC8A61800C302AC /* UniversalGlass */; };
		3600212C2EC6EADB0016A41E /* ComplexModule in Frameworks */ = {isa = PBXBuildFile; productRef = 3600212B2EC6EADB0016A41E /* ComplexModule */; };
		3600212E2EC6EADB0016A41E /* Numerics in Frameworks */ = {isa = PBXBuildFile; productRef = 3600212D2EC6EADB0016A41E /* Numerics */; };
		360021302EC6EADB0016A41E /* RealModule in Frameworks */ = {isa = PBXBuildFile; productRef = 3600212F2EC6EADB0016A41E /* RealModule */; };
		360021332EC6EAEB0016A41E /* Atomics in Frameworks */ = {isa = PBXBuildFile; productRef = 360021322EC6EAEB0016A41E /* Atomics */; };
		360021362EC6EC150016A41E /* Highlightr in Frameworks */ = {isa = PBXBuildFile; productRef = 360021352EC6EC150016A41E /* Highlightr */; };
		360021392EC6EC2F0016A41E /* Fuzi in Frameworks */ = {isa = PBXBuildFile; productRef = 360021382EC6EC2F0016A41E /* Fuzi */; };
		3600213C2EC6EC450016A41E /* Reeeed in Frameworks */ = {isa = PBXBuildFile; productRef = 3600213B2EC6EC450016A41E /* Reeeed */; };
		3600213F2EC6EC710016A41E /* LRUCache in Frameworks */ = {isa = PBXBuildFile; productRef = 3600213E2EC6EC710016A41E /* LRUCache */; };
		360021422EC6EC7F0016A41E /* Graphing in Frameworks */ = {isa = PBXBuildFile; productRef = 360021412EC6EC7F0016A41E /* Graphing */; };
		360021442EC6EC7F0016A41E /* Motion in Frameworks */ = {isa = PBXBuildFile; productRef = 360021432EC6EC7F0016A41E /* Motion */; };
		564997D82E9B24CC00D89F78 /* Garnish in Frameworks */ = {isa = PBXBuildFile; productRef = 564997D72E9B24CC00D89F78 /* Garnish */; };
		7FAFC5DA2E3ADDCD009D7DC4 /* FaviconFinder in Frameworks */ = {isa = PBXBuildFile; productRef = 7FAFC5D92E3ADDCD009D7DC4 /* FaviconFinder */; };
/* End PBXBuildFile section */

/* Begin PBXFileReference section */
		7F8340FC2E37F39400674A5D /* Nook.app */ = {isa = PBXFileReference; explicitFileType = wrapper.application; includeInIndex = 0; path = Nook.app; sourceTree = BUILT_PRODUCTS_DIR; };
/* End PBXFileReference section */

/* Begin PBXFileSystemSynchronizedBuildFileExceptionSet section */
		2CAC4DD12E82457B00870189 /* Exceptions for "Nook" folder in "Nook" target */ = {
			isa = PBXFileSystemSynchronizedBuildFileExceptionSet;
			membershipExceptions = (
				Info.plist,
				ThirdParty/BigUIPaging/README.md,
				ThirdParty/HTSymbolHook/README.md,
				ThirdParty/MuteableWKWebView/README.md,
			);
			target = 7F8340FB2E37F39400674A5D /* Nook */;
		};
		2D0834BF2EC8CE1300C302AC /* Exceptions for "CommandPalette" folder in "Nook" target */ = {
			isa = PBXFileSystemSynchronizedBuildFileExceptionSet;
			membershipExceptions = (
				"CommandPalette Accessories/CommandPaletteSuggestionView.swift",
				"CommandPalette Accessories/GenericSuggestionItem.swift",
				"CommandPalette Accessories/HistorySuggestionItem.swift",
				"CommandPalette Accessories/TabSuggestionItem.swift",
				CommandPalette.swift,
				CommandPaletteView.swift,
			);
			target = 7F8340FB2E37F39400674A5D /* Nook */;
		};
		564997D22E9B125200D89F78 /* Exceptions for "UI" folder in "Nook" target */ = {
			isa = PBXFileSystemSynchronizedBuildFileExceptionSet;
			membershipExceptions = (
				Buttons/NavButtons/NavMenuStyle.swift,
			);
			target = 7F8340FB2E37F39400674A5D /* Nook */;
		};
/* End PBXFileSystemSynchronizedBuildFileExceptionSet section */

/* Begin PBXFileSystemSynchronizedRootGroup section */
		2CAC4D282E82457B00870189 /* Nook */ = {
			isa = PBXFileSystemSynchronizedRootGroup;
			exceptions = (
				2CAC4DD12E82457B00870189 /* Exceptions for "Nook" folder in "Nook" target */,
			);
			path = Nook;
			sourceTree = "<group>";
		};
		2D0834B32EC8C43B00C302AC /* App */ = {
			isa = PBXFileSystemSynchronizedRootGroup;
			path = App;
			sourceTree = "<group>";
		};
		2D0834BE2EC8CE0C00C302AC /* CommandPalette */ = {
			isa = PBXFileSystemSynchronizedRootGroup;
			exceptions = (
				2D0834BF2EC8CE1300C302AC /* Exceptions for "CommandPalette" folder in "Nook" target */,
			);
			path = CommandPalette;
			sourceTree = "<group>";
		};
		564997D02E9B125200D89F78 /* UI */ = {
			isa = PBXFileSystemSynchronizedRootGroup;
			exceptions = (
				564997D22E9B125200D89F78 /* Exceptions for "UI" folder in "Nook" target */,
			);
			path = UI;
			sourceTree = "<group>";
		};
/* End PBXFileSystemSynchronizedRootGroup section */

/* Begin PBXFrameworksBuildPhase section */
		7F8340F92E37F39400674A5D /* Frameworks */ = {
			isa = PBXFrameworksBuildPhase;
			buildActionMask = 2147483647;
			files = (
				360021442EC6EC7F0016A41E /* Motion in Frameworks */,
				3600213C2EC6EC450016A41E /* Reeeed in Frameworks */,
				3600213F2EC6EC710016A41E /* LRUCache in Frameworks */,
				564997D82E9B24CC00D89F78 /* Garnish in Frameworks */,
				7FAFC5DA2E3ADDCD009D7DC4 /* FaviconFinder in Frameworks */,
				360021302EC6EADB0016A41E /* RealModule in Frameworks */,
				360021392EC6EC2F0016A41E /* Fuzi in Frameworks */,
				2C16A0262E87430B0070894B /* Sparkle in Frameworks */,
				360021362EC6EC150016A41E /* Highlightr in Frameworks */,
				360021422EC6EC7F0016A41E /* Graphing in Frameworks */,
				3600212C2EC6EADB0016A41E /* ComplexModule in Frameworks */,
				2D0822D82EC8A61800C302AC /* UniversalGlass in Frameworks */,
				3600212E2EC6EADB0016A41E /* Numerics in Frameworks */,
				360021332EC6EAEB0016A41E /* Atomics in Frameworks */,
			);
			runOnlyForDeploymentPostprocessing = 0;
		};
/* End PBXFrameworksBuildPhase section */

/* Begin PBXGroup section */
		2D0834C02EC8CE6800C302AC /* Sidebar */ = {
			isa = PBXGroup;
			children = (
			);
			path = Sidebar;
			sourceTree = "<group>";
		};
		7F8340F32E37F39400674A5D = {
			isa = PBXGroup;
			children = (
				2D0834C02EC8CE6800C302AC /* Sidebar */,
				2D0834BE2EC8CE0C00C302AC /* CommandPalette */,
				7F8340FD2E37F39400674A5D /* Products */,
				564997D02E9B125200D89F78 /* UI */,
				2CAC4D282E82457B00870189 /* Nook */,
				2D0834B32EC8C43B00C302AC /* App */,
			);
			sourceTree = "<group>";
		};
		7F8340FD2E37F39400674A5D /* Products */ = {
			isa = PBXGroup;
			children = (
				7F8340FC2E37F39400674A5D /* Nook.app */,
			);
			name = Products;
			sourceTree = "<group>";
		};
/* End PBXGroup section */

/* Begin PBXNativeTarget section */
		7F8340FB2E37F39400674A5D /* Nook */ = {
			isa = PBXNativeTarget;
			buildConfigurationList = 7F8341082E37F39500674A5D /* Build configuration list for PBXNativeTarget "Nook" */;
			buildPhases = (
				7F8340F82E37F39400674A5D /* Sources */,
				7F8340F92E37F39400674A5D /* Frameworks */,
				7F8340FA2E37F39400674A5D /* Resources */,
			);
			buildRules = (
			);
			dependencies = (
			);
			fileSystemSynchronizedGroups = (
				2CAC4D282E82457B00870189 /* Nook */,
				2D0834B32EC8C43B00C302AC /* App */,
				564997D02E9B125200D89F78 /* UI */,
			);
			name = Nook;
			packageProductDependencies = (
				7FAFC5D92E3ADDCD009D7DC4 /* FaviconFinder */,
				2C16A0252E87430B0070894B /* Sparkle */,
				564997D72E9B24CC00D89F78 /* Garnish */,
				3600212B2EC6EADB0016A41E /* ComplexModule */,
				3600212D2EC6EADB0016A41E /* Numerics */,
				3600212F2EC6EADB0016A41E /* RealModule */,
				360021322EC6EAEB0016A41E /* Atomics */,
				360021352EC6EC150016A41E /* Highlightr */,
				360021382EC6EC2F0016A41E /* Fuzi */,
				3600213B2EC6EC450016A41E /* Reeeed */,
				3600213E2EC6EC710016A41E /* LRUCache */,
				360021412EC6EC7F0016A41E /* Graphing */,
				360021432EC6EC7F0016A41E /* Motion */,
				2D0822D72EC8A61800C302AC /* UniversalGlass */,
			);
			productName = Pulse;
			productReference = 7F8340FC2E37F39400674A5D /* Nook.app */;
			productType = "com.apple.product-type.application";
		};
/* End PBXNativeTarget section */

/* Begin PBXProject section */
		7F8340F42E37F39400674A5D /* Project object */ = {
			isa = PBXProject;
			attributes = {
				BuildIndependentTargetsInParallel = 1;
				LastSwiftUpdateCheck = 2600;
				LastUpgradeCheck = 1640;
				TargetAttributes = {
					7F8340FB2E37F39400674A5D = {
						CreatedOnToolsVersion = 16.4;
					};
				};
			};
			buildConfigurationList = 7F8340F72E37F39400674A5D /* Build configuration list for PBXProject "Nook" */;
			developmentRegion = en;
			hasScannedForEncodings = 0;
			knownRegions = (
				en,
				Base,
			);
			mainGroup = 7F8340F32E37F39400674A5D;
			minimizedProjectReferenceProxies = 1;
			packageReferences = (
				7FAFC5D82E3ADDCD009D7DC4 /* XCRemoteSwiftPackageReference "FaviconFinder" */,
				2C16A0242E87430B0070894B /* XCRemoteSwiftPackageReference "Sparkle" */,
				564997D62E9B24CC00D89F78 /* XCRemoteSwiftPackageReference "Garnish" */,
				3600212A2EC6EADB0016A41E /* XCRemoteSwiftPackageReference "swift-numerics" */,
				360021312EC6EAEB0016A41E /* XCRemoteSwiftPackageReference "swift-atomics" */,
				360021342EC6EC150016A41E /* XCRemoteSwiftPackageReference "Highlightr" */,
				360021372EC6EC2F0016A41E /* XCRemoteSwiftPackageReference "Fuzi" */,
				3600213A2EC6EC450016A41E /* XCRemoteSwiftPackageReference "reeeed" */,
				3600213D2EC6EC710016A41E /* XCRemoteSwiftPackageReference "LRUCache" */,
				360021402EC6EC7F0016A41E /* XCRemoteSwiftPackageReference "Motion" */,
				2D0822D62EC8A61800C302AC /* XCRemoteSwiftPackageReference "universalglass" */,
			);
			preferredProjectObjectVersion = 77;
			productRefGroup = 7F8340FD2E37F39400674A5D /* Products */;
			projectDirPath = "";
			projectRoot = "";
			targets = (
				7F8340FB2E37F39400674A5D /* Nook */,
			);
		};
/* End PBXProject section */

/* Begin PBXResourcesBuildPhase section */
		7F8340FA2E37F39400674A5D /* Resources */ = {
			isa = PBXResourcesBuildPhase;
			buildActionMask = 2147483647;
			files = (
			);
			runOnlyForDeploymentPostprocessing = 0;
		};
/* End PBXResourcesBuildPhase section */

/* Begin PBXSourcesBuildPhase section */
		7F8340F82E37F39400674A5D /* Sources */ = {
			isa = PBXSourcesBuildPhase;
			buildActionMask = 2147483647;
			files = (
			);
			runOnlyForDeploymentPostprocessing = 0;
		};
/* End PBXSourcesBuildPhase section */

/* Begin XCBuildConfiguration section */
		7F8341062E37F39500674A5D /* Debug */ = {
			isa = XCBuildConfiguration;
			buildSettings = {
				ALWAYS_SEARCH_USER_PATHS = NO;
				ASSETCATALOG_COMPILER_GENERATE_SWIFT_ASSET_SYMBOL_EXTENSIONS = YES;
				CLANG_ANALYZER_NONNULL = YES;
				CLANG_ANALYZER_NUMBER_OBJECT_CONVERSION = YES_AGGRESSIVE;
				CLANG_CXX_LANGUAGE_STANDARD = "gnu++20";
				CLANG_ENABLE_MODULES = YES;
				CLANG_ENABLE_OBJC_ARC = YES;
				CLANG_ENABLE_OBJC_WEAK = YES;
				CLANG_WARN_BLOCK_CAPTURE_AUTORELEASING = YES;
				CLANG_WARN_BOOL_CONVERSION = YES;
				CLANG_WARN_COMMA = YES;
				CLANG_WARN_CONSTANT_CONVERSION = YES;
				CLANG_WARN_DEPRECATED_OBJC_IMPLEMENTATIONS = YES;
				CLANG_WARN_DIRECT_OBJC_ISA_USAGE = YES_ERROR;
				CLANG_WARN_DOCUMENTATION_COMMENTS = YES;
				CLANG_WARN_EMPTY_BODY = YES;
				CLANG_WARN_ENUM_CONVERSION = YES;
				CLANG_WARN_INFINITE_RECURSION = YES;
				CLANG_WARN_INT_CONVERSION = YES;
				CLANG_WARN_NON_LITERAL_NULL_CONVERSION = YES;
				CLANG_WARN_OBJC_IMPLICIT_RETAIN_SELF = YES;
				CLANG_WARN_OBJC_LITERAL_CONVERSION = YES;
				CLANG_WARN_OBJC_ROOT_CLASS = YES_ERROR;
				CLANG_WARN_QUOTED_INCLUDE_IN_FRAMEWORK_HEADER = YES;
				CLANG_WARN_RANGE_LOOP_ANALYSIS = YES;
				CLANG_WARN_STRICT_PROTOTYPES = YES;
				CLANG_WARN_SUSPICIOUS_MOVE = YES;
				CLANG_WARN_UNGUARDED_AVAILABILITY = YES_AGGRESSIVE;
				CLANG_WARN_UNREACHABLE_CODE = YES;
				CLANG_WARN__DUPLICATE_METHOD_MATCH = YES;
				COPY_PHASE_STRIP = NO;
				DEBUG_INFORMATION_FORMAT = dwarf;
				DEVELOPMENT_TEAM = 96M8ZZRJK6;
				ENABLE_STRICT_OBJC_MSGSEND = YES;
				ENABLE_TESTABILITY = YES;
				ENABLE_USER_SCRIPT_SANDBOXING = YES;
				GCC_C_LANGUAGE_STANDARD = gnu17;
				GCC_DYNAMIC_NO_PIC = NO;
				GCC_NO_COMMON_BLOCKS = YES;
				GCC_OPTIMIZATION_LEVEL = 0;
				GCC_PREPROCESSOR_DEFINITIONS = (
					"DEBUG=1",
					"$(inherited)",
				);
				GCC_WARN_64_TO_32_BIT_CONVERSION = YES;
				GCC_WARN_ABOUT_RETURN_TYPE = YES_ERROR;
				GCC_WARN_UNDECLARED_SELECTOR = YES;
				GCC_WARN_UNINITIALIZED_AUTOS = YES_AGGRESSIVE;
				GCC_WARN_UNUSED_FUNCTION = YES;
				GCC_WARN_UNUSED_VARIABLE = YES;
				LOCALIZATION_PREFERS_STRING_CATALOGS = YES;
				MACOSX_DEPLOYMENT_TARGET = 15.5;
				MTL_ENABLE_DEBUG_INFO = INCLUDE_SOURCE;
				MTL_FAST_MATH = YES;
				ONLY_ACTIVE_ARCH = YES;
				SDKROOT = macosx;
				SWIFT_ACTIVE_COMPILATION_CONDITIONS = "DEBUG $(inherited)";
				SWIFT_OPTIMIZATION_LEVEL = "-Onone";
			};
			name = Debug;
		};
		7F8341072E37F39500674A5D /* Release */ = {
			isa = XCBuildConfiguration;
			buildSettings = {
				ALWAYS_SEARCH_USER_PATHS = NO;
				ASSETCATALOG_COMPILER_GENERATE_SWIFT_ASSET_SYMBOL_EXTENSIONS = YES;
				CLANG_ANALYZER_NONNULL = YES;
				CLANG_ANALYZER_NUMBER_OBJECT_CONVERSION = YES_AGGRESSIVE;
				CLANG_CXX_LANGUAGE_STANDARD = "gnu++20";
				CLANG_ENABLE_MODULES = YES;
				CLANG_ENABLE_OBJC_ARC = YES;
				CLANG_ENABLE_OBJC_WEAK = YES;
				CLANG_WARN_BLOCK_CAPTURE_AUTORELEASING = YES;
				CLANG_WARN_BOOL_CONVERSION = YES;
				CLANG_WARN_COMMA = YES;
				CLANG_WARN_CONSTANT_CONVERSION = YES;
				CLANG_WARN_DEPRECATED_OBJC_IMPLEMENTATIONS = YES;
				CLANG_WARN_DIRECT_OBJC_ISA_USAGE = YES_ERROR;
				CLANG_WARN_DOCUMENTATION_COMMENTS = YES;
				CLANG_WARN_EMPTY_BODY = YES;
				CLANG_WARN_ENUM_CONVERSION = YES;
				CLANG_WARN_INFINITE_RECURSION = YES;
				CLANG_WARN_INT_CONVERSION = YES;
				CLANG_WARN_NON_LITERAL_NULL_CONVERSION = YES;
				CLANG_WARN_OBJC_IMPLICIT_RETAIN_SELF = YES;
				CLANG_WARN_OBJC_LITERAL_CONVERSION = YES;
				CLANG_WARN_OBJC_ROOT_CLASS = YES_ERROR;
				CLANG_WARN_QUOTED_INCLUDE_IN_FRAMEWORK_HEADER = YES;
				CLANG_WARN_RANGE_LOOP_ANALYSIS = YES;
				CLANG_WARN_STRICT_PROTOTYPES = YES;
				CLANG_WARN_SUSPICIOUS_MOVE = YES;
				CLANG_WARN_UNGUARDED_AVAILABILITY = YES_AGGRESSIVE;
				CLANG_WARN_UNREACHABLE_CODE = YES;
				CLANG_WARN__DUPLICATE_METHOD_MATCH = YES;
				COPY_PHASE_STRIP = NO;
				DEBUG_INFORMATION_FORMAT = "dwarf-with-dsym";
				DEVELOPMENT_TEAM = 96M8ZZRJK6;
				ENABLE_NS_ASSERTIONS = NO;
				ENABLE_STRICT_OBJC_MSGSEND = YES;
				ENABLE_USER_SCRIPT_SANDBOXING = YES;
				GCC_C_LANGUAGE_STANDARD = gnu17;
				GCC_NO_COMMON_BLOCKS = YES;
				GCC_WARN_64_TO_32_BIT_CONVERSION = YES;
				GCC_WARN_ABOUT_RETURN_TYPE = YES_ERROR;
				GCC_WARN_UNDECLARED_SELECTOR = YES;
				GCC_WARN_UNINITIALIZED_AUTOS = YES_AGGRESSIVE;
				GCC_WARN_UNUSED_FUNCTION = YES;
				GCC_WARN_UNUSED_VARIABLE = YES;
				LOCALIZATION_PREFERS_STRING_CATALOGS = YES;
				MACOSX_DEPLOYMENT_TARGET = 15.5;
				MTL_ENABLE_DEBUG_INFO = NO;
				MTL_FAST_MATH = YES;
				SDKROOT = macosx;
				SWIFT_COMPILATION_MODE = wholemodule;
			};
			name = Release;
		};
		7F8341092E37F39500674A5D /* Debug */ = {
			isa = XCBuildConfiguration;
			buildSettings = {
				ASSETCATALOG_COMPILER_APPICON_NAME = "logo-dev";
				ASSETCATALOG_COMPILER_GLOBAL_ACCENT_COLOR_NAME = AccentColor;
				AUTOMATION_APPLE_EVENTS = NO;
				CODE_SIGN_ENTITLEMENTS = Nook/Nook.entitlements;
				CODE_SIGN_IDENTITY = "Apple Development";
				"CODE_SIGN_IDENTITY[sdk=macosx*]" = "Developer ID Application";
				CODE_SIGN_STYLE = Manual;
				COMBINE_HIDPI_IMAGES = YES;
				CURRENT_PROJECT_VERSION = 104;
				DEVELOPMENT_TEAM = 3ST82B3Y8M;
				ENABLE_APP_SANDBOX = NO;
				ENABLE_HARDENED_RUNTIME = YES;
				ENABLE_PREVIEWS = YES;
				ENABLE_RESOURCE_ACCESS_PHOTO_LIBRARY = NO;
				GENERATE_INFOPLIST_FILE = YES;
				INFOPLIST_FILE = Nook/Info.plist;
				INFOPLIST_KEY_CFBundleDisplayName = Nook;
				INFOPLIST_KEY_LSApplicationCategoryType = "public.app-category.productivity";
				INFOPLIST_KEY_NSHumanReadableCopyright = "";
				INFOPLIST_KEY_NSPrincipalClass = NSApplication;
				LD_RUNPATH_SEARCH_PATHS = (
					"$(inherited)",
					"@executable_path/../Frameworks",
				);
				MARKETING_VERSION = 1.0.4;
				PRODUCT_BUNDLE_IDENTIFIER = io.browsewithnook.nooks;
				PRODUCT_NAME = "$(TARGET_NAME)";
				PROVISIONING_PROFILE_SPECIFIER = "";
				"PROVISIONING_PROFILE_SPECIFIER[sdk=macosx*]" = "";
				REGISTER_APP_GROUPS = YES;
				RUNTIME_EXCEPTION_ALLOW_DYLD_ENVIRONMENT_VARIABLES = YES;
				RUNTIME_EXCEPTION_ALLOW_JIT = YES;
				RUNTIME_EXCEPTION_ALLOW_UNSIGNED_EXECUTABLE_MEMORY = NO;
				RUNTIME_EXCEPTION_DEBUGGING_TOOL = YES;
				RUNTIME_EXCEPTION_DISABLE_EXECUTABLE_PAGE_PROTECTION = YES;
				RUNTIME_EXCEPTION_DISABLE_LIBRARY_VALIDATION = YES;
				SWIFT_EMIT_LOC_STRINGS = YES;
				SWIFT_OBJC_BRIDGING_HEADER = "$(PROJECT_DIR)/Nook/Supporting Files/Nook-Bridging-Header.h";
				SWIFT_VERSION = 5.0;
			};
			name = Debug;
		};
		7F83410A2E37F39500674A5D /* Release */ = {
			isa = XCBuildConfiguration;
			buildSettings = {
				ASSETCATALOG_COMPILER_APPICON_NAME = logo;
				ASSETCATALOG_COMPILER_GLOBAL_ACCENT_COLOR_NAME = AccentColor;
				AUTOMATION_APPLE_EVENTS = NO;
				CODE_SIGN_ENTITLEMENTS = Nook/Nook.entitlements;
				CODE_SIGN_IDENTITY = "Apple Development";
				"CODE_SIGN_IDENTITY[sdk=macosx*]" = "Developer ID Application";
				CODE_SIGN_STYLE = Manual;
				COMBINE_HIDPI_IMAGES = YES;
				CURRENT_PROJECT_VERSION = 104;
				DEVELOPMENT_TEAM = 3ST82B3Y8M;
				ENABLE_APP_SANDBOX = NO;
				ENABLE_HARDENED_RUNTIME = YES;
				ENABLE_PREVIEWS = YES;
				ENABLE_RESOURCE_ACCESS_AUDIO_INPUT = NO;
				ENABLE_RESOURCE_ACCESS_CALENDARS = NO;
				ENABLE_RESOURCE_ACCESS_CAMERA = NO;
				ENABLE_RESOURCE_ACCESS_CONTACTS = NO;
				ENABLE_RESOURCE_ACCESS_LOCATION = NO;
				ENABLE_RESOURCE_ACCESS_PHOTO_LIBRARY = NO;
				GENERATE_INFOPLIST_FILE = YES;
				INFOPLIST_FILE = Nook/Info.plist;
				INFOPLIST_KEY_CFBundleDisplayName = Nook;
				INFOPLIST_KEY_LSApplicationCategoryType = "public.app-category.productivity";
				INFOPLIST_KEY_NSHumanReadableCopyright = "";
				INFOPLIST_KEY_NSPrincipalClass = NSApplication;
				LD_RUNPATH_SEARCH_PATHS = (
					"$(inherited)",
					"@executable_path/../Frameworks",
				);
				MARKETING_VERSION = 1.0.4;
				PRODUCT_BUNDLE_IDENTIFIER = io.browsewithnook.nooks;
				PRODUCT_NAME = "$(TARGET_NAME)";
				PROVISIONING_PROFILE_SPECIFIER = "";
				"PROVISIONING_PROFILE_SPECIFIER[sdk=macosx*]" = "";
				REGISTER_APP_GROUPS = YES;
				RUNTIME_EXCEPTION_ALLOW_DYLD_ENVIRONMENT_VARIABLES = YES;
				RUNTIME_EXCEPTION_ALLOW_JIT = YES;
				RUNTIME_EXCEPTION_ALLOW_UNSIGNED_EXECUTABLE_MEMORY = NO;
				RUNTIME_EXCEPTION_DEBUGGING_TOOL = NO;
				RUNTIME_EXCEPTION_DISABLE_EXECUTABLE_PAGE_PROTECTION = NO;
				RUNTIME_EXCEPTION_DISABLE_LIBRARY_VALIDATION = YES;
				SWIFT_EMIT_LOC_STRINGS = YES;
				SWIFT_OBJC_BRIDGING_HEADER = "$(PROJECT_DIR)/Nook/Supporting Files/Nook-Bridging-Header.h";
				SWIFT_VERSION = 5.0;
			};
			name = Release;
		};
/* End XCBuildConfiguration section */

/* Begin XCConfigurationList section */
		7F8340F72E37F39400674A5D /* Build configuration list for PBXProject "Nook" */ = {
			isa = XCConfigurationList;
			buildConfigurations = (
				7F8341062E37F39500674A5D /* Debug */,
				7F8341072E37F39500674A5D /* Release */,
			);
			defaultConfigurationIsVisible = 0;
			defaultConfigurationName = Release;
		};
		7F8341082E37F39500674A5D /* Build configuration list for PBXNativeTarget "Nook" */ = {
			isa = XCConfigurationList;
			buildConfigurations = (
				7F8341092E37F39500674A5D /* Debug */,
				7F83410A2E37F39500674A5D /* Release */,
			);
			defaultConfigurationIsVisible = 0;
			defaultConfigurationName = Release;
		};
/* End XCConfigurationList section */

/* Begin XCRemoteSwiftPackageReference section */
		2C16A0242E87430B0070894B /* XCRemoteSwiftPackageReference "Sparkle" */ = {
			isa = XCRemoteSwiftPackageReference;
			repositoryURL = "https://github.com/sparkle-project/Sparkle";
			requirement = {
				kind = upToNextMajorVersion;
				minimumVersion = 2.8.0;
			};
		};
		2D0822D62EC8A61800C302AC /* XCRemoteSwiftPackageReference "universalglass" */ = {
			isa = XCRemoteSwiftPackageReference;
			repositoryURL = "https://github.com/aeastr/universalglass.git";
			requirement = {
				kind = upToNextMajorVersion;
				minimumVersion = 1.0.0;
			};
		};
		3600212A2EC6EADB0016A41E /* XCRemoteSwiftPackageReference "swift-numerics" */ = {
			isa = XCRemoteSwiftPackageReference;
			repositoryURL = "https://github.com/apple/swift-numerics.git";
			requirement = {
				kind = upToNextMajorVersion;
				minimumVersion = 1.1.1;
			};
		};
		360021312EC6EAEB0016A41E /* XCRemoteSwiftPackageReference "swift-atomics" */ = {
			isa = XCRemoteSwiftPackageReference;
			repositoryURL = "https://github.com/apple/swift-atomics.git";
			requirement = {
				kind = upToNextMajorVersion;
				minimumVersion = 1.3.0;
			};
		};
		360021342EC6EC150016A41E /* XCRemoteSwiftPackageReference "Highlightr" */ = {
			isa = XCRemoteSwiftPackageReference;
			repositoryURL = "https://github.com/raspu/Highlightr/";
			requirement = {
				kind = upToNextMajorVersion;
				minimumVersion = 2.3.0;
			};
		};
		360021372EC6EC2F0016A41E /* XCRemoteSwiftPackageReference "Fuzi" */ = {
			isa = XCRemoteSwiftPackageReference;
			repositoryURL = "https://github.com/cezheng/Fuzi";
			requirement = {
				kind = upToNextMajorVersion;
				minimumVersion = 3.1.3;
			};
		};
		3600213A2EC6EC450016A41E /* XCRemoteSwiftPackageReference "reeeed" */ = {
			isa = XCRemoteSwiftPackageReference;
			repositoryURL = "https://github.com/nate-parrott/reeeed";
			requirement = {
				kind = upToNextMajorVersion;
				minimumVersion = 1.0.1;
			};
		};
		3600213D2EC6EC710016A41E /* XCRemoteSwiftPackageReference "LRUCache" */ = {
			isa = XCRemoteSwiftPackageReference;
			repositoryURL = "https://github.com/nicklockwood/LRUCache.git";
			requirement = {
				kind = upToNextMajorVersion;
				minimumVersion = 1.2.0;
			};
		};
		360021402EC6EC7F0016A41E /* XCRemoteSwiftPackageReference "Motion" */ = {
			isa = XCRemoteSwiftPackageReference;
			repositoryURL = "https://github.com/b3ll/Motion";
			requirement = {
				branch = main;
				kind = branch;
			};
		};
		564997D62E9B24CC00D89F78 /* XCRemoteSwiftPackageReference "Garnish" */ = {
			isa = XCRemoteSwiftPackageReference;
			repositoryURL = "https://github.com/Aeastr/Garnish";
			requirement = {
				kind = upToNextMajorVersion;
				minimumVersion = 0.0.4;
			};
		};
		7FAFC5D82E3ADDCD009D7DC4 /* XCRemoteSwiftPackageReference "FaviconFinder" */ = {
			isa = XCRemoteSwiftPackageReference;
			repositoryURL = "https://github.com/will-lumley/FaviconFinder";
			requirement = {
				kind = upToNextMajorVersion;
				minimumVersion = 5.1.4;
			};
		};
/* End XCRemoteSwiftPackageReference section */

/* Begin XCSwiftPackageProductDependency section */
		2C16A0252E87430B0070894B /* Sparkle */ = {
			isa = XCSwiftPackageProductDependency;
			package = 2C16A0242E87430B0070894B /* XCRemoteSwiftPackageReference "Sparkle" */;
			productName = Sparkle;
		};
		2D0822D72EC8A61800C302AC /* UniversalGlass */ = {
			isa = XCSwiftPackageProductDependency;
			package = 2D0822D62EC8A61800C302AC /* XCRemoteSwiftPackageReference "universalglass" */;
			productName = UniversalGlass;
		};
		3600212B2EC6EADB0016A41E /* ComplexModule */ = {
			isa = XCSwiftPackageProductDependency;
			package = 3600212A2EC6EADB0016A41E /* XCRemoteSwiftPackageReference "swift-numerics" */;
			productName = ComplexModule;
		};
		3600212D2EC6EADB0016A41E /* Numerics */ = {
			isa = XCSwiftPackageProductDependency;
			package = 3600212A2EC6EADB0016A41E /* XCRemoteSwiftPackageReference "swift-numerics" */;
			productName = Numerics;
		};
		3600212F2EC6EADB0016A41E /* RealModule */ = {
			isa = XCSwiftPackageProductDependency;
			package = 3600212A2EC6EADB0016A41E /* XCRemoteSwiftPackageReference "swift-numerics" */;
			productName = RealModule;
		};
		360021322EC6EAEB0016A41E /* Atomics */ = {
			isa = XCSwiftPackageProductDependency;
			package = 360021312EC6EAEB0016A41E /* XCRemoteSwiftPackageReference "swift-atomics" */;
			productName = Atomics;
		};
		360021352EC6EC150016A41E /* Highlightr */ = {
			isa = XCSwiftPackageProductDependency;
			package = 360021342EC6EC150016A41E /* XCRemoteSwiftPackageReference "Highlightr" */;
			productName = Highlightr;
		};
		360021382EC6EC2F0016A41E /* Fuzi */ = {
			isa = XCSwiftPackageProductDependency;
			package = 360021372EC6EC2F0016A41E /* XCRemoteSwiftPackageReference "Fuzi" */;
			productName = Fuzi;
		};
		3600213B2EC6EC450016A41E /* Reeeed */ = {
			isa = XCSwiftPackageProductDependency;
			package = 3600213A2EC6EC450016A41E /* XCRemoteSwiftPackageReference "reeeed" */;
			productName = Reeeed;
		};
		3600213E2EC6EC710016A41E /* LRUCache */ = {
			isa = XCSwiftPackageProductDependency;
			package = 3600213D2EC6EC710016A41E /* XCRemoteSwiftPackageReference "LRUCache" */;
			productName = LRUCache;
		};
		360021412EC6EC7F0016A41E /* Graphing */ = {
			isa = XCSwiftPackageProductDependency;
			package = 360021402EC6EC7F0016A41E /* XCRemoteSwiftPackageReference "Motion" */;
			productName = Graphing;
		};
		360021432EC6EC7F0016A41E /* Motion */ = {
			isa = XCSwiftPackageProductDependency;
			package = 360021402EC6EC7F0016A41E /* XCRemoteSwiftPackageReference "Motion" */;
			productName = Motion;
		};
		564997D72E9B24CC00D89F78 /* Garnish */ = {
			isa = XCSwiftPackageProductDependency;
			package = 564997D62E9B24CC00D89F78 /* XCRemoteSwiftPackageReference "Garnish" */;
			productName = Garnish;
		};
		7FAFC5D92E3ADDCD009D7DC4 /* FaviconFinder */ = {
			isa = XCSwiftPackageProductDependency;
			package = 7FAFC5D82E3ADDCD009D7DC4 /* XCRemoteSwiftPackageReference "FaviconFinder" */;
			productName = FaviconFinder;
		};
/* End XCSwiftPackageProductDependency section */
	};
	rootObject = 7F8340F42E37F39400674A5D /* Project object */;
}
