{
  "originHash" : "72153b047377a75e86d8159ef6506311a8b219ad5da81639c214927b3e1c8077",
  "pins" : [
    {
      "identity" : "faviconfinder",
      "kind" : "remoteSourceControl",
      "location" : "https://github.com/will-lumley/FaviconFinder.git",
      "state" : {
        "revision" : "11c2b27fbdc5fdfe0bf3addac01d27c40299a819",
        "version" : "5.1.5"
      }
    },
    {
      "identity" : "swiftsoup",
      "kind" : "remoteSourceControl",
      "location" : "https://github.com/scinfu/SwiftSoup.git",
      "state" : {
        "revision" : "18b80329749eca5ea29fc50211dca5c7eff5bfec",
        "version" : "2.13.9"
      }
    }
  ],
  "version" : 3
}
