{
  "originHash" : "5742fa0d6f2df74b52078520f8ba6f8cafd469cf8227a012762a476c2a2f21d0",
  "pins" : [
    {
      "identity" : "faviconfinder",
      "kind" : "remoteSourceControl",
      "location" : "https://github.com/will-lumley/FaviconFinder",
      "state" : {
        "revision" : "9279f4371f4877ca302ba3bf1015f3f58ae4a56c",
        "version" : "5.1.4"
      }
    },
    {
      "identity" : "garnish",
      "kind" : "remoteSourceControl",
      "location" : "https://github.com/Aeastr/Garnish",
      "state" : {
        "revision" : "4c49a3f163473fcb1a90f6730999cbd2e3931a18",
        "version" : "0.0.4"
      }
    },
    {
      "identity" : "sparkle",
      "kind" : "remoteSourceControl",
      "location" : "https://github.com/sparkle-project/Sparkle",
      "state" : {
        "revision" : "9a1d2a19d3595fcf8d9c447173f9a1687b3dcadb",
        "version" : "2.8.0"
      }
    },
    {
      "identity" : "swiftsoup",
      "kind" : "remoteSourceControl",
      "location" : "https://github.com/scinfu/SwiftSoup.git",
      "state" : {
        "revision" : "a81b1a5ac933dee8c6cfccf05d5ffcc5eb8c7ec4",
        "version" : "2.10.0"
      }
    }
  ],
  "version" : 3
}
